
Microsoft Visual Studio Solution File, Format Version 12.00
# Visual Studio Version 16
VisualStudioVersion = 16.0.31005.135
MinimumVisualStudioVersion = 10.0.40219.1
Project("{FAE04EC0-301F-11D3-BF4B-00C04F79EFBC}") = "A001.Facade", "A001.Facade\A001.Facade.csproj", "{E1D1ACD2-6A3F-401D-A9CB-99630B985599}"
EndProject
Project("{FAE04EC0-301F-11D3-BF4B-00C04F79EFBC}") = "B001.Adapter", "B001.Adapter\B001.Adapter.csproj", "{2A4D6A19-6B7C-474B-9228-8CFA3F4DD623}"
EndProject
Project("{FAE04EC0-301F-11D3-BF4B-00C04F79EFBC}") = "C001.Singleton", "C001.Singleton\C001.Singleton.csproj", "{6B59F1E8-D4DD-4C33-9249-67F8E9C2237A}"
EndProject
Project("{FAE04EC0-301F-11D3-BF4B-00C04F79EFBC}") = "C002.RegistryOfSingleton", "C002.RegistryOfSingleton\C002.RegistryOfSingleton.csproj", "{AA6E712C-8B59-4C75-B4BA-14872C74A51F}"
EndProject
Project("{FAE04EC0-301F-11D3-BF4B-00C04F79EFBC}") = "D001.FactoryMethod.AbstractClass", "D001.FactoryMethod.AbstractClass\D001.FactoryMethod.AbstractClass.csproj", "{FCEBCB08-97A4-471D-B572-04DDF90104C2}"
EndProject
Project("{FAE04EC0-301F-11D3-BF4B-00C04F79EFBC}") = "D002.FactoryMethod.Interface", "D002.FactoryMethod.Interface\D002.FactoryMethod.Interface.csproj", "{FB7E496F-431B-4833-AAFF-7D6E5962BA71}"
EndProject
Project("{FAE04EC0-301F-11D3-BF4B-00C04F79EFBC}") = "D003.SimpleFactory", "D003.SimpleFactory\D003.SimpleFactory.csproj", "{F979313F-8A66-42F8-AB1E-CF8EBA565320}"
EndProject
Project("{FAE04EC0-301F-11D3-BF4B-00C04F79EFBC}") = "D004.SimpleFactory.TypeInAttribute", "D004.SimpleFactory.TypeInAttribute\D004.SimpleFactory.TypeInAttribute.csproj", "{018E7CC2-E299-4EA5-A0C4-E39604F72BB5}"
EndProject
Project("{FAE04EC0-301F-11D3-BF4B-00C04F79EFBC}") = "D005.SimpleFactory.ConstructorInAttribute", "D005.SimpleFactory.ConstructorInAttribute\D005.SimpleFactory.ConstructorInAttribute.csproj", "{D07742AC-7DA4-499F-928B-54E371C9CBDC}"
EndProject
Project("{FAE04EC0-301F-11D3-BF4B-00C04F79EFBC}") = "D006.SimpleFactory.TypeInResource", "D006.SimpleFactory.TypeInResource\D006.SimpleFactory.TypeInResource.csproj", "{4BC6E762-BA39-42F4-8173-863717DED4CD}"
EndProject
Project("{FAE04EC0-301F-11D3-BF4B-00C04F79EFBC}") = "D007.SimpleFactory.ConstructorInResource", "D007.SimpleFactory.ConstructorInResource\D007.SimpleFactory.ConstructorInResource.csproj", "{50DDEDD9-1115-47F5-A197-341AB229DC8E}"
EndProject
Project("{FAE04EC0-301F-11D3-BF4B-00C04F79EFBC}") = "D008.GenericFactory", "D008.GenericFactory\D008.GenericFactory.csproj", "{608C350E-3421-48D0-AF72-25FF3AB85835}"
EndProject
Project("{FAE04EC0-301F-11D3-BF4B-00C04F79EFBC}") = "E001.AbstractFactory.Interface", "E001.AbstractFactory.Interface\E001.AbstractFactory.Interface.csproj", "{BEA7AFC8-05C2-4E7A-96DA-FDEEBA11B4E6}"
EndProject
Project("{FAE04EC0-301F-11D3-BF4B-00C04F79EFBC}") = "E002.AbstractFactory.AbstractClass", "E002.AbstractFactory.AbstractClass\E002.AbstractFactory.AbstractClass.csproj", "{6128BDBA-BE1C-4B5F-A709-AC18D6FFF92A}"
EndProject
Project("{FAE04EC0-301F-11D3-BF4B-00C04F79EFBC}") = "F001.TemplateMethod", "F001.TemplateMethod\F001.TemplateMethod.csproj", "{09EF83F5-E9BD-4691-B04C-FD27DDF0C553}"
EndProject
Project("{FAE04EC0-301F-11D3-BF4B-00C04F79EFBC}") = "G001.Strategy.Interface", "G001.Strategy.Interface\G001.Strategy.Interface.csproj", "{083EB0CE-DAF2-412B-B974-70D9C365E38A}"
EndProject
Project("{FAE04EC0-301F-11D3-BF4B-00C04F79EFBC}") = "G002.Strategy.AbstractClass", "G002.Strategy.AbstractClass\G002.Strategy.AbstractClass.csproj", "{83E54D34-507F-4D16-A0A1-9B1A6562790F}"
EndProject
Project("{FAE04EC0-301F-11D3-BF4B-00C04F79EFBC}") = "G003.Strategy.CreateInstanceWithSimpleFactory", "G003.Strategy.CreateInstanceWithSimpleFactory\G003.Strategy.CreateInstanceWithSimpleFactory.csproj", "{8067D1DD-C168-4D7B-8DAA-8372226E3C16}"
EndProject
Project("{FAE04EC0-301F-11D3-BF4B-00C04F79EFBC}") = "G004.Strategy.DelegateInResource", "G004.Strategy.DelegateInResource\G004.Strategy.DelegateInResource.csproj", "{2F375B95-745C-4FD4-A874-94A388AE4229}"
EndProject
Project("{FAE04EC0-301F-11D3-BF4B-00C04F79EFBC}") = "H001.ChainOfResponsibility", "H001.ChainOfResponsibility\H001.ChainOfResponsibility.csproj", "{9B08AD44-2DDF-46E5-8EFC-4A8CEEBA1679}"
EndProject
Project("{FAE04EC0-301F-11D3-BF4B-00C04F79EFBC}") = "H002.ChainOfResponsibility.Delegate", "H002.ChainOfResponsibility.Delegate\H002.ChainOfResponsibility.Delegate.csproj", "{B672C62E-655A-4788-B04C-C3AA13478793}"
EndProject
Project("{FAE04EC0-301F-11D3-BF4B-00C04F79EFBC}") = "I001.State.AbstractClass", "I001.State.AbstractClass\I001.State.AbstractClass.csproj", "{3FEBD8A3-44A7-471E-A157-F29BD7F7DF42}"
EndProject
Project("{FAE04EC0-301F-11D3-BF4B-00C04F79EFBC}") = "I002.State.Interface", "I002.State.Interface\I002.State.Interface.csproj", "{B2ADE4C5-40B8-48BA-A5D3-353A3E21E74A}"
EndProject
Project("{FAE04EC0-301F-11D3-BF4B-00C04F79EFBC}") = "I003.State.GetInstanceWithRegistryOfSingleton", "I003.State.GetInstanceWithRegistryOfSingleton\I003.State.GetInstanceWithRegistryOfSingleton.csproj", "{986F867B-BA9E-4DC2-99F9-74301946EA94}"
EndProject
Project("{FAE04EC0-301F-11D3-BF4B-00C04F79EFBC}") = "J001.Prototype", "J001.Prototype\J001.Prototype.csproj", "{F27D382C-72C7-4AD8-AFED-94DAA433248C}"
EndProject
Project("{FAE04EC0-301F-11D3-BF4B-00C04F79EFBC}") = "J002.Prototype.Dotnet", "J002.Prototype.Dotnet\J002.Prototype.Dotnet.csproj", "{B68ECA2F-7205-4772-93DE-A4F953A7536A}"
EndProject
Project("{FAE04EC0-301F-11D3-BF4B-00C04F79EFBC}") = "J003.Prototype.Serialize", "J003.Prototype.Serialize\J003.Prototype.Serialize.csproj", "{8C2BD6CB-DEBC-473D-BBD8-7F05E6A49678}"
EndProject
Project("{FAE04EC0-301F-11D3-BF4B-00C04F79EFBC}") = "J004.Prototype.DeepCloneWithDotnet", "J004.Prototype.DeepCloneWithDotnet\J004.Prototype.DeepCloneWithDotnet.csproj", "{E4442EF0-5256-4273-9DC1-9DBDC2D9C054}"
EndProject
Project("{FAE04EC0-301F-11D3-BF4B-00C04F79EFBC}") = "J005.Prototype.DeepCloneWithSerialize", "J005.Prototype.DeepCloneWithSerialize\J005.Prototype.DeepCloneWithSerialize.csproj", "{A0A0BB3B-C37B-4C1A-84AB-6D25EE8C5A06}"
EndProject
Project("{FAE04EC0-301F-11D3-BF4B-00C04F79EFBC}") = "J006.Prototype.Extension", "J006.Prototype.Extension\J006.Prototype.Extension.csproj", "{0AFB4A37-DE3F-47F2-A7C7-DC6F872B2C68}"
EndProject
Project("{FAE04EC0-301F-11D3-BF4B-00C04F79EFBC}") = "K001.Memento", "K001.Memento\K001.Memento.csproj", "{8EF8A9C3-B141-4213-807D-FCFA341696BD}"
EndProject
Project("{FAE04EC0-301F-11D3-BF4B-00C04F79EFBC}") = "K002.Memento.GetInternalInfoWithPrototypePattern", "K002.Memento.GetInternalInfoWithPrototypePattern\K002.Memento.GetInternalInfoWithPrototypePattern.csproj", "{54B1EDCE-0039-4635-96A1-53A1976BCE68}"
EndProject
Project("{FAE04EC0-301F-11D3-BF4B-00C04F79EFBC}") = "L001.Decorator", "L001.Decorator\L001.Decorator.csproj", "{1A0529F2-E2A9-4F03-ACF6-6FC68106E241}"
EndProject
Project("{FAE04EC0-301F-11D3-BF4B-00C04F79EFBC}") = "L002.Decorator.WithAdapter", "L002.Decorator.WithAdapter\L002.Decorator.WithAdapter.csproj", "{84559EAE-72CB-45E0-B659-EFCE02C319C3}"
EndProject
Project("{FAE04EC0-301F-11D3-BF4B-00C04F79EFBC}") = "L003.Decorator.WithFactory", "L003.Decorator.WithFactory\L003.Decorator.WithFactory.csproj", "{D95A553A-07F2-4327-853D-FB5C2BCAE182}"
EndProject
Project("{FAE04EC0-301F-11D3-BF4B-00C04F79EFBC}") = "L004.Decorator.Extension", "L004.Decorator.Extension\L004.Decorator.Extension.csproj", "{AD106D52-0CB9-4E86-8E5B-B10CB1A98F33}"
EndProject
Project("{FAE04EC0-301F-11D3-BF4B-00C04F79EFBC}") = "M001.Proxy.AbstractClass", "M001.Proxy.AbstractClass\M001.Proxy.AbstractClass.csproj", "{F1B67D03-F42D-447F-BE84-E8CD832E76C1}"
EndProject
Project("{FAE04EC0-301F-11D3-BF4B-00C04F79EFBC}") = "M002.Proxy.Interface", "M002.Proxy.Interface\M002.Proxy.Interface.csproj", "{A500F000-5E68-4BEF-A708-6C2AA84625DA}"
EndProject
Project("{FAE04EC0-301F-11D3-BF4B-00C04F79EFBC}") = "M003.Proxy.TransparentProxyWithRealProxy", "M003.Proxy.TransparentProxyWithRealProxy\M003.Proxy.TransparentProxyWithRealProxy.csproj", "{B792496D-3A50-48CE-AC0E-FE7AE9F4D22B}"
EndProject
Global
	GlobalSection(SolutionConfigurationPlatforms) = preSolution
		Debug|Any CPU = Debug|Any CPU
		Release|Any CPU = Release|Any CPU
	EndGlobalSection
	GlobalSection(ProjectConfigurationPlatforms) = postSolution
		{E1D1ACD2-6A3F-401D-A9CB-99630B985599}.Debug|Any CPU.ActiveCfg = Debug|Any CPU
		{E1D1ACD2-6A3F-401D-A9CB-99630B985599}.Debug|Any CPU.Build.0 = Debug|Any CPU
		{E1D1ACD2-6A3F-401D-A9CB-99630B985599}.Release|Any CPU.ActiveCfg = Release|Any CPU
		{E1D1ACD2-6A3F-401D-A9CB-99630B985599}.Release|Any CPU.Build.0 = Release|Any CPU
		{2A4D6A19-6B7C-474B-9228-8CFA3F4DD623}.Debug|Any CPU.ActiveCfg = Debug|Any CPU
		{2A4D6A19-6B7C-474B-9228-8CFA3F4DD623}.Debug|Any CPU.Build.0 = Debug|Any CPU
		{2A4D6A19-6B7C-474B-9228-8CFA3F4DD623}.Release|Any CPU.ActiveCfg = Release|Any CPU
		{2A4D6A19-6B7C-474B-9228-8CFA3F4DD623}.Release|Any CPU.Build.0 = Release|Any CPU
		{6B59F1E8-D4DD-4C33-9249-67F8E9C2237A}.Debug|Any CPU.ActiveCfg = Debug|Any CPU
		{6B59F1E8-D4DD-4C33-9249-67F8E9C2237A}.Debug|Any CPU.Build.0 = Debug|Any CPU
		{6B59F1E8-D4DD-4C33-9249-67F8E9C2237A}.Release|Any CPU.ActiveCfg = Release|Any CPU
		{6B59F1E8-D4DD-4C33-9249-67F8E9C2237A}.Release|Any CPU.Build.0 = Release|Any CPU
		{AA6E712C-8B59-4C75-B4BA-14872C74A51F}.Debug|Any CPU.ActiveCfg = Debug|Any CPU
		{AA6E712C-8B59-4C75-B4BA-14872C74A51F}.Debug|Any CPU.Build.0 = Debug|Any CPU
		{AA6E712C-8B59-4C75-B4BA-14872C74A51F}.Release|Any CPU.ActiveCfg = Release|Any CPU
		{AA6E712C-8B59-4C75-B4BA-14872C74A51F}.Release|Any CPU.Build.0 = Release|Any CPU
		{FCEBCB08-97A4-471D-B572-04DDF90104C2}.Debug|Any CPU.ActiveCfg = Debug|Any CPU
		{FCEBCB08-97A4-471D-B572-04DDF90104C2}.Debug|Any CPU.Build.0 = Debug|Any CPU
		{FCEBCB08-97A4-471D-B572-04DDF90104C2}.Release|Any CPU.ActiveCfg = Release|Any CPU
		{FCEBCB08-97A4-471D-B572-04DDF90104C2}.Release|Any CPU.Build.0 = Release|Any CPU
		{FB7E496F-431B-4833-AAFF-7D6E5962BA71}.Debug|Any CPU.ActiveCfg = Debug|Any CPU
		{FB7E496F-431B-4833-AAFF-7D6E5962BA71}.Debug|Any CPU.Build.0 = Debug|Any CPU
		{FB7E496F-431B-4833-AAFF-7D6E5962BA71}.Release|Any CPU.ActiveCfg = Release|Any CPU
		{FB7E496F-431B-4833-AAFF-7D6E5962BA71}.Release|Any CPU.Build.0 = Release|Any CPU
		{F979313F-8A66-42F8-AB1E-CF8EBA565320}.Debug|Any CPU.ActiveCfg = Debug|Any CPU
		{F979313F-8A66-42F8-AB1E-CF8EBA565320}.Debug|Any CPU.Build.0 = Debug|Any CPU
		{F979313F-8A66-42F8-AB1E-CF8EBA565320}.Release|Any CPU.ActiveCfg = Release|Any CPU
		{F979313F-8A66-42F8-AB1E-CF8EBA565320}.Release|Any CPU.Build.0 = Release|Any CPU
		{018E7CC2-E299-4EA5-A0C4-E39604F72BB5}.Debug|Any CPU.ActiveCfg = Debug|Any CPU
		{018E7CC2-E299-4EA5-A0C4-E39604F72BB5}.Debug|Any CPU.Build.0 = Debug|Any CPU
		{018E7CC2-E299-4EA5-A0C4-E39604F72BB5}.Release|Any CPU.ActiveCfg = Release|Any CPU
		{018E7CC2-E299-4EA5-A0C4-E39604F72BB5}.Release|Any CPU.Build.0 = Release|Any CPU
		{D07742AC-7DA4-499F-928B-54E371C9CBDC}.Debug|Any CPU.ActiveCfg = Debug|Any CPU
		{D07742AC-7DA4-499F-928B-54E371C9CBDC}.Debug|Any CPU.Build.0 = Debug|Any CPU
		{D07742AC-7DA4-499F-928B-54E371C9CBDC}.Release|Any CPU.ActiveCfg = Release|Any CPU
		{D07742AC-7DA4-499F-928B-54E371C9CBDC}.Release|Any CPU.Build.0 = Release|Any CPU
		{4BC6E762-BA39-42F4-8173-863717DED4CD}.Debug|Any CPU.ActiveCfg = Debug|Any CPU
		{4BC6E762-BA39-42F4-8173-863717DED4CD}.Debug|Any CPU.Build.0 = Debug|Any CPU
		{4BC6E762-BA39-42F4-8173-863717DED4CD}.Release|Any CPU.ActiveCfg = Release|Any CPU
		{4BC6E762-BA39-42F4-8173-863717DED4CD}.Release|Any CPU.Build.0 = Release|Any CPU
		{50DDEDD9-1115-47F5-A197-341AB229DC8E}.Debug|Any CPU.ActiveCfg = Debug|Any CPU
		{50DDEDD9-1115-47F5-A197-341AB229DC8E}.Debug|Any CPU.Build.0 = Debug|Any CPU
		{50DDEDD9-1115-47F5-A197-341AB229DC8E}.Release|Any CPU.ActiveCfg = Release|Any CPU
		{50DDEDD9-1115-47F5-A197-341AB229DC8E}.Release|Any CPU.Build.0 = Release|Any CPU
		{608C350E-3421-48D0-AF72-25FF3AB85835}.Debug|Any CPU.ActiveCfg = Debug|Any CPU
		{608C350E-3421-48D0-AF72-25FF3AB85835}.Debug|Any CPU.Build.0 = Debug|Any CPU
		{608C350E-3421-48D0-AF72-25FF3AB85835}.Release|Any CPU.ActiveCfg = Release|Any CPU
		{608C350E-3421-48D0-AF72-25FF3AB85835}.Release|Any CPU.Build.0 = Release|Any CPU
		{BEA7AFC8-05C2-4E7A-96DA-FDEEBA11B4E6}.Debug|Any CPU.ActiveCfg = Debug|Any CPU
		{BEA7AFC8-05C2-4E7A-96DA-FDEEBA11B4E6}.Debug|Any CPU.Build.0 = Debug|Any CPU
		{BEA7AFC8-05C2-4E7A-96DA-FDEEBA11B4E6}.Release|Any CPU.ActiveCfg = Release|Any CPU
		{BEA7AFC8-05C2-4E7A-96DA-FDEEBA11B4E6}.Release|Any CPU.Build.0 = Release|Any CPU
		{6128BDBA-BE1C-4B5F-A709-AC18D6FFF92A}.Debug|Any CPU.ActiveCfg = Debug|Any CPU
		{6128BDBA-BE1C-4B5F-A709-AC18D6FFF92A}.Debug|Any CPU.Build.0 = Debug|Any CPU
		{6128BDBA-BE1C-4B5F-A709-AC18D6FFF92A}.Release|Any CPU.ActiveCfg = Release|Any CPU
		{6128BDBA-BE1C-4B5F-A709-AC18D6FFF92A}.Release|Any CPU.Build.0 = Release|Any CPU
		{09EF83F5-E9BD-4691-B04C-FD27DDF0C553}.Debug|Any CPU.ActiveCfg = Debug|Any CPU
		{09EF83F5-E9BD-4691-B04C-FD27DDF0C553}.Debug|Any CPU.Build.0 = Debug|Any CPU
		{09EF83F5-E9BD-4691-B04C-FD27DDF0C553}.Release|Any CPU.ActiveCfg = Release|Any CPU
		{09EF83F5-E9BD-4691-B04C-FD27DDF0C553}.Release|Any CPU.Build.0 = Release|Any CPU
		{083EB0CE-DAF2-412B-B974-70D9C365E38A}.Debug|Any CPU.ActiveCfg = Debug|Any CPU
		{083EB0CE-DAF2-412B-B974-70D9C365E38A}.Debug|Any CPU.Build.0 = Debug|Any CPU
		{083EB0CE-DAF2-412B-B974-70D9C365E38A}.Release|Any CPU.ActiveCfg = Release|Any CPU
		{083EB0CE-DAF2-412B-B974-70D9C365E38A}.Release|Any CPU.Build.0 = Release|Any CPU
		{83E54D34-507F-4D16-A0A1-9B1A6562790F}.Debug|Any CPU.ActiveCfg = Debug|Any CPU
		{83E54D34-507F-4D16-A0A1-9B1A6562790F}.Debug|Any CPU.Build.0 = Debug|Any CPU
		{83E54D34-507F-4D16-A0A1-9B1A6562790F}.Release|Any CPU.ActiveCfg = Release|Any CPU
		{83E54D34-507F-4D16-A0A1-9B1A6562790F}.Release|Any CPU.Build.0 = Release|Any CPU
		{8067D1DD-C168-4D7B-8DAA-8372226E3C16}.Debug|Any CPU.ActiveCfg = Debug|Any CPU
		{8067D1DD-C168-4D7B-8DAA-8372226E3C16}.Debug|Any CPU.Build.0 = Debug|Any CPU
		{8067D1DD-C168-4D7B-8DAA-8372226E3C16}.Release|Any CPU.ActiveCfg = Release|Any CPU
		{8067D1DD-C168-4D7B-8DAA-8372226E3C16}.Release|Any CPU.Build.0 = Release|Any CPU
		{2F375B95-745C-4FD4-A874-94A388AE4229}.Debug|Any CPU.ActiveCfg = Debug|Any CPU
		{2F375B95-745C-4FD4-A874-94A388AE4229}.Debug|Any CPU.Build.0 = Debug|Any CPU
		{2F375B95-745C-4FD4-A874-94A388AE4229}.Release|Any CPU.ActiveCfg = Release|Any CPU
		{2F375B95-745C-4FD4-A874-94A388AE4229}.Release|Any CPU.Build.0 = Release|Any CPU
		{9B08AD44-2DDF-46E5-8EFC-4A8CEEBA1679}.Debug|Any CPU.ActiveCfg = Debug|Any CPU
		{9B08AD44-2DDF-46E5-8EFC-4A8CEEBA1679}.Debug|Any CPU.Build.0 = Debug|Any CPU
		{9B08AD44-2DDF-46E5-8EFC-4A8CEEBA1679}.Release|Any CPU.ActiveCfg = Release|Any CPU
		{9B08AD44-2DDF-46E5-8EFC-4A8CEEBA1679}.Release|Any CPU.Build.0 = Release|Any CPU
		{B672C62E-655A-4788-B04C-C3AA13478793}.Debug|Any CPU.ActiveCfg = Debug|Any CPU
		{B672C62E-655A-4788-B04C-C3AA13478793}.Debug|Any CPU.Build.0 = Debug|Any CPU
		{B672C62E-655A-4788-B04C-C3AA13478793}.Release|Any CPU.ActiveCfg = Release|Any CPU
		{B672C62E-655A-4788-B04C-C3AA13478793}.Release|Any CPU.Build.0 = Release|Any CPU
		{3FEBD8A3-44A7-471E-A157-F29BD7F7DF42}.Debug|Any CPU.ActiveCfg = Debug|Any CPU
		{3FEBD8A3-44A7-471E-A157-F29BD7F7DF42}.Debug|Any CPU.Build.0 = Debug|Any CPU
		{3FEBD8A3-44A7-471E-A157-F29BD7F7DF42}.Release|Any CPU.ActiveCfg = Release|Any CPU
		{3FEBD8A3-44A7-471E-A157-F29BD7F7DF42}.Release|Any CPU.Build.0 = Release|Any CPU
		{B2ADE4C5-40B8-48BA-A5D3-353A3E21E74A}.Debug|Any CPU.ActiveCfg = Debug|Any CPU
		{B2ADE4C5-40B8-48BA-A5D3-353A3E21E74A}.Debug|Any CPU.Build.0 = Debug|Any CPU
		{B2ADE4C5-40B8-48BA-A5D3-353A3E21E74A}.Release|Any CPU.ActiveCfg = Release|Any CPU
		{B2ADE4C5-40B8-48BA-A5D3-353A3E21E74A}.Release|Any CPU.Build.0 = Release|Any CPU
		{986F867B-BA9E-4DC2-99F9-74301946EA94}.Debug|Any CPU.ActiveCfg = Debug|Any CPU
		{986F867B-BA9E-4DC2-99F9-74301946EA94}.Debug|Any CPU.Build.0 = Debug|Any CPU
		{986F867B-BA9E-4DC2-99F9-74301946EA94}.Release|Any CPU.ActiveCfg = Release|Any CPU
		{986F867B-BA9E-4DC2-99F9-74301946EA94}.Release|Any CPU.Build.0 = Release|Any CPU
		{F27D382C-72C7-4AD8-AFED-94DAA433248C}.Debug|Any CPU.ActiveCfg = Debug|Any CPU
		{F27D382C-72C7-4AD8-AFED-94DAA433248C}.Debug|Any CPU.Build.0 = Debug|Any CPU
		{F27D382C-72C7-4AD8-AFED-94DAA433248C}.Release|Any CPU.ActiveCfg = Release|Any CPU
		{F27D382C-72C7-4AD8-AFED-94DAA433248C}.Release|Any CPU.Build.0 = Release|Any CPU
		{B68ECA2F-7205-4772-93DE-A4F953A7536A}.Debug|Any CPU.ActiveCfg = Debug|Any CPU
		{B68ECA2F-7205-4772-93DE-A4F953A7536A}.Debug|Any CPU.Build.0 = Debug|Any CPU
		{B68ECA2F-7205-4772-93DE-A4F953A7536A}.Release|Any CPU.ActiveCfg = Release|Any CPU
		{B68ECA2F-7205-4772-93DE-A4F953A7536A}.Release|Any CPU.Build.0 = Release|Any CPU
		{8C2BD6CB-DEBC-473D-BBD8-7F05E6A49678}.Debug|Any CPU.ActiveCfg = Debug|Any CPU
		{8C2BD6CB-DEBC-473D-BBD8-7F05E6A49678}.Debug|Any CPU.Build.0 = Debug|Any CPU
		{8C2BD6CB-DEBC-473D-BBD8-7F05E6A49678}.Release|Any CPU.ActiveCfg = Release|Any CPU
		{8C2BD6CB-DEBC-473D-BBD8-7F05E6A49678}.Release|Any CPU.Build.0 = Release|Any CPU
		{E4442EF0-5256-4273-9DC1-9DBDC2D9C054}.Debug|Any CPU.ActiveCfg = Debug|Any CPU
		{E4442EF0-5256-4273-9DC1-9DBDC2D9C054}.Debug|Any CPU.Build.0 = Debug|Any CPU
		{E4442EF0-5256-4273-9DC1-9DBDC2D9C054}.Release|Any CPU.ActiveCfg = Release|Any CPU
		{E4442EF0-5256-4273-9DC1-9DBDC2D9C054}.Release|Any CPU.Build.0 = Release|Any CPU
		{A0A0BB3B-C37B-4C1A-84AB-6D25EE8C5A06}.Debug|Any CPU.ActiveCfg = Debug|Any CPU
		{A0A0BB3B-C37B-4C1A-84AB-6D25EE8C5A06}.Debug|Any CPU.Build.0 = Debug|Any CPU
		{A0A0BB3B-C37B-4C1A-84AB-6D25EE8C5A06}.Release|Any CPU.ActiveCfg = Release|Any CPU
		{A0A0BB3B-C37B-4C1A-84AB-6D25EE8C5A06}.Release|Any CPU.Build.0 = Release|Any CPU
		{0AFB4A37-DE3F-47F2-A7C7-DC6F872B2C68}.Debug|Any CPU.ActiveCfg = Debug|Any CPU
		{0AFB4A37-DE3F-47F2-A7C7-DC6F872B2C68}.Debug|Any CPU.Build.0 = Debug|Any CPU
		{0AFB4A37-DE3F-47F2-A7C7-DC6F872B2C68}.Release|Any CPU.ActiveCfg = Release|Any CPU
		{0AFB4A37-DE3F-47F2-A7C7-DC6F872B2C68}.Release|Any CPU.Build.0 = Release|Any CPU
		{8EF8A9C3-B141-4213-807D-FCFA341696BD}.Debug|Any CPU.ActiveCfg = Debug|Any CPU
		{8EF8A9C3-B141-4213-807D-FCFA341696BD}.Debug|Any CPU.Build.0 = Debug|Any CPU
		{8EF8A9C3-B141-4213-807D-FCFA341696BD}.Release|Any CPU.ActiveCfg = Release|Any CPU
		{8EF8A9C3-B141-4213-807D-FCFA341696BD}.Release|Any CPU.Build.0 = Release|Any CPU
		{54B1EDCE-0039-4635-96A1-53A1976BCE68}.Debug|Any CPU.ActiveCfg = Debug|Any CPU
		{54B1EDCE-0039-4635-96A1-53A1976BCE68}.Debug|Any CPU.Build.0 = Debug|Any CPU
		{54B1EDCE-0039-4635-96A1-53A1976BCE68}.Release|Any CPU.ActiveCfg = Release|Any CPU
		{54B1EDCE-0039-4635-96A1-53A1976BCE68}.Release|Any CPU.Build.0 = Release|Any CPU
		{1A0529F2-E2A9-4F03-ACF6-6FC68106E241}.Debug|Any CPU.ActiveCfg = Debug|Any CPU
		{1A0529F2-E2A9-4F03-ACF6-6FC68106E241}.Debug|Any CPU.Build.0 = Debug|Any CPU
		{1A0529F2-E2A9-4F03-ACF6-6FC68106E241}.Release|Any CPU.ActiveCfg = Release|Any CPU
		{1A0529F2-E2A9-4F03-ACF6-6FC68106E241}.Release|Any CPU.Build.0 = Release|Any CPU
		{84559EAE-72CB-45E0-B659-EFCE02C319C3}.Debug|Any CPU.ActiveCfg = Debug|Any CPU
		{84559EAE-72CB-45E0-B659-EFCE02C319C3}.Debug|Any CPU.Build.0 = Debug|Any CPU
		{84559EAE-72CB-45E0-B659-EFCE02C319C3}.Release|Any CPU.ActiveCfg = Release|Any CPU
		{84559EAE-72CB-45E0-B659-EFCE02C319C3}.Release|Any CPU.Build.0 = Release|Any CPU
		{D95A553A-07F2-4327-853D-FB5C2BCAE182}.Debug|Any CPU.ActiveCfg = Debug|Any CPU
		{D95A553A-07F2-4327-853D-FB5C2BCAE182}.Debug|Any CPU.Build.0 = Debug|Any CPU
		{D95A553A-07F2-4327-853D-FB5C2BCAE182}.Release|Any CPU.ActiveCfg = Release|Any CPU
		{D95A553A-07F2-4327-853D-FB5C2BCAE182}.Release|Any CPU.Build.0 = Release|Any CPU
		{AD106D52-0CB9-4E86-8E5B-B10CB1A98F33}.Debug|Any CPU.ActiveCfg = Debug|Any CPU
		{AD106D52-0CB9-4E86-8E5B-B10CB1A98F33}.Debug|Any CPU.Build.0 = Debug|Any CPU
		{AD106D52-0CB9-4E86-8E5B-B10CB1A98F33}.Release|Any CPU.ActiveCfg = Release|Any CPU
		{AD106D52-0CB9-4E86-8E5B-B10CB1A98F33}.Release|Any CPU.Build.0 = Release|Any CPU
		{F1B67D03-F42D-447F-BE84-E8CD832E76C1}.Debug|Any CPU.ActiveCfg = Debug|Any CPU
		{F1B67D03-F42D-447F-BE84-E8CD832E76C1}.Debug|Any CPU.Build.0 = Debug|Any CPU
		{F1B67D03-F42D-447F-BE84-E8CD832E76C1}.Release|Any CPU.ActiveCfg = Release|Any CPU
		{F1B67D03-F42D-447F-BE84-E8CD832E76C1}.Release|Any CPU.Build.0 = Release|Any CPU
		{A500F000-5E68-4BEF-A708-6C2AA84625DA}.Debug|Any CPU.ActiveCfg = Debug|Any CPU
		{A500F000-5E68-4BEF-A708-6C2AA84625DA}.Debug|Any CPU.Build.0 = Debug|Any CPU
		{A500F000-5E68-4BEF-A708-6C2AA84625DA}.Release|Any CPU.ActiveCfg = Release|Any CPU
		{A500F000-5E68-4BEF-A708-6C2AA84625DA}.Release|Any CPU.Build.0 = Release|Any CPU
		{B792496D-3A50-48CE-AC0E-FE7AE9F4D22B}.Debug|Any CPU.ActiveCfg = Debug|Any CPU
		{B792496D-3A50-48CE-AC0E-FE7AE9F4D22B}.Debug|Any CPU.Build.0 = Debug|Any CPU
		{B792496D-3A50-48CE-AC0E-FE7AE9F4D22B}.Release|Any CPU.ActiveCfg = Release|Any CPU
		{B792496D-3A50-48CE-AC0E-FE7AE9F4D22B}.Release|Any CPU.Build.0 = Release|Any CPU
	EndGlobalSection
	GlobalSection(SolutionProperties) = preSolution
		HideSolutionNode = FALSE
	EndGlobalSection
	GlobalSection(ExtensibilityGlobals) = postSolution
		SolutionGuid = {57D1F1D5-76DF-4CBC-8A82-7487652A3F9F}
	EndGlobalSection
EndGlobal
