
Microsoft Visual Studio Solution File, Format Version 12.00
# Visual Studio Version 16
VisualStudioVersion = 16.0.31005.135
MinimumVisualStudioVersion = 10.0.40219.1
Project("{FAE04EC0-301F-11D3-BF4B-00C04F79EFBC}") = "A001.Facade", "A001.Facade\A001.Facade.csproj", "{E1D1ACD2-6A3F-401D-A9CB-99630B985599}"
EndProject
Project("{FAE04EC0-301F-11D3-BF4B-00C04F79EFBC}") = "B001.Adapter", "B001.Adapter\B001.Adapter.csproj", "{2A4D6A19-6B7C-474B-9228-8CFA3F4DD623}"
EndProject
Project("{FAE04EC0-301F-11D3-BF4B-00C04F79EFBC}") = "C001.Singleton", "C001.Singleton\C001.Singleton.csproj", "{6B59F1E8-D4DD-4C33-9249-67F8E9C2237A}"
EndProject
Project("{FAE04EC0-301F-11D3-BF4B-00C04F79EFBC}") = "C002.RegistryOfSingleton", "C002.RegistryOfSingleton\C002.RegistryOfSingleton.csproj", "{AA6E712C-8B59-4C75-B4BA-14872C74A51F}"
EndProject
Project("{FAE04EC0-301F-11D3-BF4B-00C04F79EFBC}") = "D001.FactoryMethod.AbstractClass", "D001.FactoryMethod.AbstractClass\D001.FactoryMethod.AbstractClass.csproj", "{FCEBCB08-97A4-471D-B572-04DDF90104C2}"
EndProject
Project("{FAE04EC0-301F-11D3-BF4B-00C04F79EFBC}") = "D002.FactoryMethod.Interface", "D002.FactoryMethod.Interface\D002.FactoryMethod.Interface.csproj", "{FB7E496F-431B-4833-AAFF-7D6E5962BA71}"
EndProject
Project("{FAE04EC0-301F-11D3-BF4B-00C04F79EFBC}") = "D003.SimpleFactory", "D003.SimpleFactory\D003.SimpleFactory.csproj", "{F979313F-8A66-42F8-AB1E-CF8EBA565320}"
EndProject
Project("{FAE04EC0-301F-11D3-BF4B-00C04F79EFBC}") = "D004.SimpleFactory.TypeInAttribute", "D004.SimpleFactory.TypeInAttribute\D004.SimpleFactory.TypeInAttribute.csproj", "{018E7CC2-E299-4EA5-A0C4-E39604F72BB5}"
EndProject
Project("{FAE04EC0-301F-11D3-BF4B-00C04F79EFBC}") = "D005.SimpleFactory.ConstructorInAttribute", "D005.SimpleFactory.ConstructorInAttribute\D005.SimpleFactory.ConstructorInAttribute.csproj", "{D07742AC-7DA4-499F-928B-54E371C9CBDC}"
EndProject
Project("{FAE04EC0-301F-11D3-BF4B-00C04F79EFBC}") = "D006.SimpleFactory.TypeInResource", "D006.SimpleFactory.TypeInResource\D006.SimpleFactory.TypeInResource.csproj", "{4BC6E762-BA39-42F4-8173-863717DED4CD}"
EndProject
Project("{FAE04EC0-301F-11D3-BF4B-00C04F79EFBC}") = "D007.SimpleFactory.ConstructorInResource", "D007.SimpleFactory.ConstructorInResource\D007.SimpleFactory.ConstructorInResource.csproj", "{50DDEDD9-1115-47F5-A197-341AB229DC8E}"
EndProject
Project("{FAE04EC0-301F-11D3-BF4B-00C04F79EFBC}") = "D008.GenericFactory", "D008.GenericFactory\D008.GenericFactory.csproj", "{608C350E-3421-48D0-AF72-25FF3AB85835}"
EndProject
Global
	GlobalSection(SolutionConfigurationPlatforms) = preSolution
		Debug|Any CPU = Debug|Any CPU
		Release|Any CPU = Release|Any CPU
	EndGlobalSection
	GlobalSection(ProjectConfigurationPlatforms) = postSolution
		{E1D1ACD2-6A3F-401D-A9CB-99630B985599}.Debug|Any CPU.ActiveCfg = Debug|Any CPU
		{E1D1ACD2-6A3F-401D-A9CB-99630B985599}.Debug|Any CPU.Build.0 = Debug|Any CPU
		{E1D1ACD2-6A3F-401D-A9CB-99630B985599}.Release|Any CPU.ActiveCfg = Release|Any CPU
		{E1D1ACD2-6A3F-401D-A9CB-99630B985599}.Release|Any CPU.Build.0 = Release|Any CPU
		{2A4D6A19-6B7C-474B-9228-8CFA3F4DD623}.Debug|Any CPU.ActiveCfg = Debug|Any CPU
		{2A4D6A19-6B7C-474B-9228-8CFA3F4DD623}.Debug|Any CPU.Build.0 = Debug|Any CPU
		{2A4D6A19-6B7C-474B-9228-8CFA3F4DD623}.Release|Any CPU.ActiveCfg = Release|Any CPU
		{2A4D6A19-6B7C-474B-9228-8CFA3F4DD623}.Release|Any CPU.Build.0 = Release|Any CPU
		{6B59F1E8-D4DD-4C33-9249-67F8E9C2237A}.Debug|Any CPU.ActiveCfg = Debug|Any CPU
		{6B59F1E8-D4DD-4C33-9249-67F8E9C2237A}.Debug|Any CPU.Build.0 = Debug|Any CPU
		{6B59F1E8-D4DD-4C33-9249-67F8E9C2237A}.Release|Any CPU.ActiveCfg = Release|Any CPU
		{6B59F1E8-D4DD-4C33-9249-67F8E9C2237A}.Release|Any CPU.Build.0 = Release|Any CPU
		{AA6E712C-8B59-4C75-B4BA-14872C74A51F}.Debug|Any CPU.ActiveCfg = Debug|Any CPU
		{AA6E712C-8B59-4C75-B4BA-14872C74A51F}.Debug|Any CPU.Build.0 = Debug|Any CPU
		{AA6E712C-8B59-4C75-B4BA-14872C74A51F}.Release|Any CPU.ActiveCfg = Release|Any CPU
		{AA6E712C-8B59-4C75-B4BA-14872C74A51F}.Release|Any CPU.Build.0 = Release|Any CPU
		{FCEBCB08-97A4-471D-B572-04DDF90104C2}.Debug|Any CPU.ActiveCfg = Debug|Any CPU
		{FCEBCB08-97A4-471D-B572-04DDF90104C2}.Debug|Any CPU.Build.0 = Debug|Any CPU
		{FCEBCB08-97A4-471D-B572-04DDF90104C2}.Release|Any CPU.ActiveCfg = Release|Any CPU
		{FCEBCB08-97A4-471D-B572-04DDF90104C2}.Release|Any CPU.Build.0 = Release|Any CPU
		{FB7E496F-431B-4833-AAFF-7D6E5962BA71}.Debug|Any CPU.ActiveCfg = Debug|Any CPU
		{FB7E496F-431B-4833-AAFF-7D6E5962BA71}.Debug|Any CPU.Build.0 = Debug|Any CPU
		{FB7E496F-431B-4833-AAFF-7D6E5962BA71}.Release|Any CPU.ActiveCfg = Release|Any CPU
		{FB7E496F-431B-4833-AAFF-7D6E5962BA71}.Release|Any CPU.Build.0 = Release|Any CPU
		{F979313F-8A66-42F8-AB1E-CF8EBA565320}.Debug|Any CPU.ActiveCfg = Debug|Any CPU
		{F979313F-8A66-42F8-AB1E-CF8EBA565320}.Debug|Any CPU.Build.0 = Debug|Any CPU
		{F979313F-8A66-42F8-AB1E-CF8EBA565320}.Release|Any CPU.ActiveCfg = Release|Any CPU
		{F979313F-8A66-42F8-AB1E-CF8EBA565320}.Release|Any CPU.Build.0 = Release|Any CPU
		{018E7CC2-E299-4EA5-A0C4-E39604F72BB5}.Debug|Any CPU.ActiveCfg = Debug|Any CPU
		{018E7CC2-E299-4EA5-A0C4-E39604F72BB5}.Debug|Any CPU.Build.0 = Debug|Any CPU
		{018E7CC2-E299-4EA5-A0C4-E39604F72BB5}.Release|Any CPU.ActiveCfg = Release|Any CPU
		{018E7CC2-E299-4EA5-A0C4-E39604F72BB5}.Release|Any CPU.Build.0 = Release|Any CPU
		{D07742AC-7DA4-499F-928B-54E371C9CBDC}.Debug|Any CPU.ActiveCfg = Debug|Any CPU
		{D07742AC-7DA4-499F-928B-54E371C9CBDC}.Debug|Any CPU.Build.0 = Debug|Any CPU
		{D07742AC-7DA4-499F-928B-54E371C9CBDC}.Release|Any CPU.ActiveCfg = Release|Any CPU
		{D07742AC-7DA4-499F-928B-54E371C9CBDC}.Release|Any CPU.Build.0 = Release|Any CPU
		{4BC6E762-BA39-42F4-8173-863717DED4CD}.Debug|Any CPU.ActiveCfg = Debug|Any CPU
		{4BC6E762-BA39-42F4-8173-863717DED4CD}.Debug|Any CPU.Build.0 = Debug|Any CPU
		{4BC6E762-BA39-42F4-8173-863717DED4CD}.Release|Any CPU.ActiveCfg = Release|Any CPU
		{4BC6E762-BA39-42F4-8173-863717DED4CD}.Release|Any CPU.Build.0 = Release|Any CPU
		{50DDEDD9-1115-47F5-A197-341AB229DC8E}.Debug|Any CPU.ActiveCfg = Debug|Any CPU
		{50DDEDD9-1115-47F5-A197-341AB229DC8E}.Debug|Any CPU.Build.0 = Debug|Any CPU
		{50DDEDD9-1115-47F5-A197-341AB229DC8E}.Release|Any CPU.ActiveCfg = Release|Any CPU
		{50DDEDD9-1115-47F5-A197-341AB229DC8E}.Release|Any CPU.Build.0 = Release|Any CPU
		{608C350E-3421-48D0-AF72-25FF3AB85835}.Debug|Any CPU.ActiveCfg = Debug|Any CPU
		{608C350E-3421-48D0-AF72-25FF3AB85835}.Debug|Any CPU.Build.0 = Debug|Any CPU
		{608C350E-3421-48D0-AF72-25FF3AB85835}.Release|Any CPU.ActiveCfg = Release|Any CPU
		{608C350E-3421-48D0-AF72-25FF3AB85835}.Release|Any CPU.Build.0 = Release|Any CPU
	EndGlobalSection
	GlobalSection(SolutionProperties) = preSolution
		HideSolutionNode = FALSE
	EndGlobalSection
	GlobalSection(ExtensibilityGlobals) = postSolution
		SolutionGuid = {57D1F1D5-76DF-4CBC-8A82-7487652A3F9F}
	EndGlobalSection
EndGlobal
